{
  "name": "azure-mcp-wrapper",
  "version": "1.0.0",
  "lockfileVersion": 3,
  "requires": true,
  "packages": {
    "": {
      "name": "azure-mcp-wrapper",
      "version": "1.0.0",
      "license": "MIT",
      "dependencies": {
        "@azure/mcp": "3.0.0-beta.31"
      },
      "engines": {
        "node": ">=22.0.0"
      }
    },
    "node_modules/@azure/mcp": {
      "version": "3.0.0-beta.31",
      "resolved": "https://registry.npmjs.org/@azure/mcp/-/mcp-3.0.0-beta.31.tgz",
      "integrity": "sha512-0Uw37fuhYJ8gUHvRjKCUKM+czxxWvIQrG/tufifLi7XWvfOv1ualGoEdHE9ssV3Fyqgif6igcA89suT5TiT9ng==",
      "cpu": [
        "x64",
        "arm64"
      ],
      "hasInstallScript": true,
      "license": "MIT",
      "os": [
        "linux",
        "darwin",
        "win32"
      ],
      "bin": {
        "azmcp": "index.js"
      },
      "engines": {
        "node": ">=22.0.0"
      },
      "optionalDependencies": {
        "@azure/mcp-darwin-arm64": "3.0.0-beta.31",
        "@azure/mcp-darwin-x64": "3.0.0-beta.31",
        "@azure/mcp-linux-arm64": "3.0.0-beta.31",
        "@azure/mcp-linux-x64": "3.0.0-beta.31",
        "@azure/mcp-win32-arm64": "3.0.0-beta.31",
        "@azure/mcp-win32-x64": "3.0.0-beta.31"
      }
    },
    "node_modules/@azure/mcp-darwin-arm64": {
      "version": "3.0.0-beta.31",
      "resolved": "https://registry.npmjs.org/@azure/mcp-darwin-arm64/-/mcp-darwin-arm64-3.0.0-beta.31.tgz",
      "integrity": "sha512-sdF+UjRP6xbq9us5smJoMsCgkJjLqwhP4WxWnSoF3RZxsW74ac3OrfQtd/uEiqQI0GevAfVllfcafGK6QHmbxQ==",
      "cpu": [
        "arm64"
      ],
      "license": "MIT",
      "optional": true,
      "os": [
        "darwin"
      ],
      "bin": {
        "azmcp-darwin-arm64": "dist/azmcp"
      },
      "engines": {
        "node": ">=22.0.0"
      }
    },
    "node_modules/@azure/mcp-darwin-x64": {
      "version": "3.0.0-beta.31",
      "resolved": "https://registry.npmjs.org/@azure/mcp-darwin-x64/-/mcp-darwin-x64-3.0.0-beta.31.tgz",
      "integrity": "sha512-GdG670xGfc0NVjNb/mZbsfjQRNFc/I7Z6eRGwBgwACsJSCA6kEL7ntKvcHvUftgs4CvUfl0j7KYhiF0IzZTlnA==",
      "cpu": [
        "x64"
      ],
      "license": "MIT",
      "optional": true,
      "os": [
        "darwin"
      ],
      "bin": {
        "azmcp-darwin-x64": "dist/azmcp"
      },
      "engines": {
        "node": ">=22.0.0"
      }
    },
    "node_modules/@azure/mcp-linux-arm64": {
      "version": "3.0.0-beta.31",
      "resolved": "https://registry.npmjs.org/@azure/mcp-linux-arm64/-/mcp-linux-arm64-3.0.0-beta.31.tgz",
      "integrity": "sha512-vcRpCnZeaUT3dkGu5oInb/YdBa28y4hyNAWvJcNeHrpiYJJdNw1DOcFz8KpuN5Gs5/dAKHYDIExJJ5lMR1XFpg==",
      "cpu": [
        "arm64"
      ],
      "license": "MIT",
      "optional": true,
      "os": [
        "linux"
      ],
      "bin": {
        "azmcp-linux-arm64": "dist/azmcp"
      },
      "engines": {
        "node": ">=22.0.0"
      }
    },
    "node_modules/@azure/mcp-linux-x64": {
      "version": "3.0.0-beta.31",
      "resolved": "https://registry.npmjs.org/@azure/mcp-linux-x64/-/mcp-linux-x64-3.0.0-beta.31.tgz",
      "integrity": "sha512-AMLDc6eAG+e6v5yWKS5B+YO3SbkJO2RbMXY/Rr31CCa4M6uJpxu1Zv53G5hUnElnOfzegkBnC2VYjVgQI8Jr5Q==",
      "cpu": [
        "x64"
      ],
      "license": "MIT",
      "optional": true,
      "os": [
        "linux"
      ],
      "bin": {
        "azmcp-linux-x64": "dist/azmcp"
      },
      "engines": {
        "node": ">=22.0.0"
      }
    },
    "node_modules/@azure/mcp-win32-arm64": {
      "version": "3.0.0-beta.31",
      "resolved": "https://registry.npmjs.org/@azure/mcp-win32-arm64/-/mcp-win32-arm64-3.0.0-beta.31.tgz",
      "integrity": "sha512-osdjQrEAxDKItCEZUhHVejOxAzoOE3cg0fzoF8riVjHui7Fm+imjTqmzrbe9jh8L5QdUYSXG/uikCYAtKE7NQg==",
      "cpu": [
        "arm64"
      ],
      "license": "MIT",
      "optional": true,
      "os": [
        "win32"
      ],
      "bin": {
        "azmcp-win32-arm64": "dist/azmcp.exe"
      },
      "engines": {
        "node": ">=22.0.0"
      }
    },
    "node_modules/@azure/mcp-win32-x64": {
      "version": "3.0.0-beta.31",
      "resolved": "https://registry.npmjs.org/@azure/mcp-win32-x64/-/mcp-win32-x64-3.0.0-beta.31.tgz",
      "integrity": "sha512-R15LEmTCDp848qkvU+ZvaFyplYeaElbvc6LavdnNr/9J7siQTGeBITSc/3CKIhh64YauCtjd1URXVjUC3se1cw==",
      "cpu": [
        "x64"
      ],
      "license": "MIT",
      "optional": true,
      "os": [
        "win32"
      ],
      "bin": {
        "azmcp-win32-x64": "dist/azmcp.exe"
      },
      "engines": {
        "node": ">=22.0.0"
      }
    }
  }
}
