{
  "name": "azure-mcp-wrapper",
  "version": "1.0.0",
  "lockfileVersion": 3,
  "requires": true,
  "packages": {
    "": {
      "name": "azure-mcp-wrapper",
      "version": "1.0.0",
      "license": "MIT",
      "dependencies": {
        "@azure/mcp": "3.0.0-beta.30"
      },
      "engines": {
        "node": ">=22.0.0"
      }
    },
    "node_modules/@azure/mcp": {
      "version": "3.0.0-beta.30",
      "resolved": "https://registry.npmjs.org/@azure/mcp/-/mcp-3.0.0-beta.30.tgz",
      "integrity": "sha512-oXXum7UAEE6VhdjrAlPzvrqFI6Ovkxr5SgUygJwQWrjPKX3sMrxEywqm0g+rWYdyS2qZ3eDSoclKGPtKaTK9UA==",
      "cpu": [
        "x64",
        "arm64"
      ],
      "hasInstallScript": true,
      "license": "MIT",
      "os": [
        "linux",
        "darwin",
        "win32"
      ],
      "bin": {
        "azmcp": "index.js"
      },
      "engines": {
        "node": ">=22.0.0"
      },
      "optionalDependencies": {
        "@azure/mcp-darwin-arm64": "3.0.0-beta.30",
        "@azure/mcp-darwin-x64": "3.0.0-beta.30",
        "@azure/mcp-linux-arm64": "3.0.0-beta.30",
        "@azure/mcp-linux-x64": "3.0.0-beta.30",
        "@azure/mcp-win32-arm64": "3.0.0-beta.30",
        "@azure/mcp-win32-x64": "3.0.0-beta.30"
      }
    },
    "node_modules/@azure/mcp-darwin-arm64": {
      "version": "3.0.0-beta.30",
      "resolved": "https://registry.npmjs.org/@azure/mcp-darwin-arm64/-/mcp-darwin-arm64-3.0.0-beta.30.tgz",
      "integrity": "sha512-KauqGkrjB0+GEy7gwDzXIS5ONuh/Vsvt4KUumXh+iCkZnVXirZ6yBVtO4MzHh9Yw2TQY/tAkkPlOCliudAgm/A==",
      "cpu": [
        "arm64"
      ],
      "license": "MIT",
      "optional": true,
      "os": [
        "darwin"
      ],
      "bin": {
        "azmcp-darwin-arm64": "dist/azmcp"
      },
      "engines": {
        "node": ">=22.0.0"
      }
    },
    "node_modules/@azure/mcp-darwin-x64": {
      "version": "3.0.0-beta.30",
      "resolved": "https://registry.npmjs.org/@azure/mcp-darwin-x64/-/mcp-darwin-x64-3.0.0-beta.30.tgz",
      "integrity": "sha512-9l9ll43sasqZO40y616WI3g7WgTTekZ3GOjOuiza54jq7diRPbstBZmnSHqqtvVHwh6HTkNX2HBsIWvrQhRDQQ==",
      "cpu": [
        "x64"
      ],
      "license": "MIT",
      "optional": true,
      "os": [
        "darwin"
      ],
      "bin": {
        "azmcp-darwin-x64": "dist/azmcp"
      },
      "engines": {
        "node": ">=22.0.0"
      }
    },
    "node_modules/@azure/mcp-linux-arm64": {
      "version": "3.0.0-beta.30",
      "resolved": "https://registry.npmjs.org/@azure/mcp-linux-arm64/-/mcp-linux-arm64-3.0.0-beta.30.tgz",
      "integrity": "sha512-4K1I6X32xdxEvUEG3CVlNfgvuvzSmHqDD6nzsz54gRtBlv83M4poFk/KGlM1JsUqzukJei8LMC5fZFqRMI3XCA==",
      "cpu": [
        "arm64"
      ],
      "license": "MIT",
      "optional": true,
      "os": [
        "linux"
      ],
      "bin": {
        "azmcp-linux-arm64": "dist/azmcp"
      },
      "engines": {
        "node": ">=22.0.0"
      }
    },
    "node_modules/@azure/mcp-linux-x64": {
      "version": "3.0.0-beta.30",
      "resolved": "https://registry.npmjs.org/@azure/mcp-linux-x64/-/mcp-linux-x64-3.0.0-beta.30.tgz",
      "integrity": "sha512-MhqA7Hk+my3XfU2dhsuRmpukkw9HEiYUXD/NC00W2idGyIbJtfzSGJKV+eF+psmiEhrekn70LBQtSjErRecy5w==",
      "cpu": [
        "x64"
      ],
      "license": "MIT",
      "optional": true,
      "os": [
        "linux"
      ],
      "bin": {
        "azmcp-linux-x64": "dist/azmcp"
      },
      "engines": {
        "node": ">=22.0.0"
      }
    },
    "node_modules/@azure/mcp-win32-arm64": {
      "version": "3.0.0-beta.30",
      "resolved": "https://registry.npmjs.org/@azure/mcp-win32-arm64/-/mcp-win32-arm64-3.0.0-beta.30.tgz",
      "integrity": "sha512-TxNem6J/KneuiFjWb0Dhnr3FcGRxHab5khouyxGjMUcKRm+YUbfkpwrCP3P9A0TwhOYTqHFsV7u1+vH6vcA3lw==",
      "cpu": [
        "arm64"
      ],
      "license": "MIT",
      "optional": true,
      "os": [
        "win32"
      ],
      "bin": {
        "azmcp-win32-arm64": "dist/azmcp.exe"
      },
      "engines": {
        "node": ">=22.0.0"
      }
    },
    "node_modules/@azure/mcp-win32-x64": {
      "version": "3.0.0-beta.30",
      "resolved": "https://registry.npmjs.org/@azure/mcp-win32-x64/-/mcp-win32-x64-3.0.0-beta.30.tgz",
      "integrity": "sha512-gM+2AHtCtBFNpT7PIGwkZRS4sz3Ye2KZgQT7rbPP9vk09Vdn5qhG0pqXNfBC2mZWpaqyr8xevzt4lPw24a9ifA==",
      "cpu": [
        "x64"
      ],
      "license": "MIT",
      "optional": true,
      "os": [
        "win32"
      ],
      "bin": {
        "azmcp-win32-x64": "dist/azmcp.exe"
      },
      "engines": {
        "node": ">=22.0.0"
      }
    }
  }
}
